{
    "name": "ocaml-bls12-381-signature",
    "lockfileVersion": 3,
    "requires": true,
    "packages": {
        "": {
            "dependencies": {
                "@nomadic-labs/ocaml-bls12-381": ">=6.0.1 <7.0.0"
            }
        },
        "node_modules/@nomadic-labs/ocaml-bls12-381": {
            "version": "6.0.1",
            "resolved": "https://gitlab.com/api/v4/projects/39407453/packages/npm/@nomadic-labs/ocaml-bls12-381/-/@nomadic-labs/ocaml-bls12-381-6.0.1.tgz",
            "integrity": "sha1-PQcsL8vKKYFkgDzaAaMq0tQDQ/8="
        }
    }
}
